// !$*UTF8*$!
{
	archiveVersion = 1;
	classes = {
	};
	objectVersion = 46;
	objects = {

/* Begin PBXBuildFile section */
		703E5132158A8AFA0092B497 /* UIKit.framework in Frameworks */ = {isa = PBXBuildFile; fileRef = 703E5131158A8AFA0092B497 /* UIKit.framework */; };
		703E5134158A8AFA0092B497 /* Foundation.framework in Frameworks */ = {isa = PBXBuildFile; fileRef = 703E5133158A8AFA0092B497 /* Foundation.framework */; };
		703E5136158A8AFA0092B497 /* CoreGraphics.framework in Frameworks */ = {isa = PBXBuildFile; fileRef = 703E5135158A8AFA0092B497 /* CoreGraphics.framework */; };
		703E513C158A8AFA0092B497 /* InfoPlist.strings in Resources */ = {isa = PBXBuildFile; fileRef = 703E513A158A8AFA0092B497 /* InfoPlist.strings */; };
		703E513E158A8AFA0092B497 /* main.m in Sources */ = {isa = PBXBuildFile; fileRef = 703E513D158A8AFA0092B497 /* main.m */; };
		703E5142158A8AFA0092B497 /* AppDelegate.m in Sources */ = {isa = PBXBuildFile; fileRef = 703E5141158A8AFA0092B497 /* AppDelegate.m */; };
		703E514A158A8AFA0092B497 /* SenTestingKit.framework in Frameworks */ = {isa = PBXBuildFile; fileRef = 703E5149158A8AFA0092B497 /* SenTestingKit.framework */; };
		703E514B158A8AFA0092B497 /* UIKit.framework in Frameworks */ = {isa = PBXBuildFile; fileRef = 703E5131158A8AFA0092B497 /* UIKit.framework */; };
		703E514C158A8AFA0092B497 /* Foundation.framework in Frameworks */ = {isa = PBXBuildFile; fileRef = 703E5133158A8AFA0092B497 /* Foundation.framework */; };
		703E5154158A8AFA0092B497 /* InfoPlist.strings in Resources */ = {isa = PBXBuildFile; fileRef = 703E5152158A8AFA0092B497 /* InfoPlist.strings */; };
		703E5157158A8AFA0092B497 /* AccordionTableView2Tests.m in Sources */ = {isa = PBXBuildFile; fileRef = 703E5156158A8AFA0092B497 /* AccordionTableView2Tests.m */; };
		703E5161158A8B610092B497 /* MainWindow.xib in Resources */ = {isa = PBXBuildFile; fileRef = 703E5160158A8B610092B497 /* MainWindow.xib */; };
		703E5162158A8B610092B497 /* MainWindow.xib in Resources */ = {isa = PBXBuildFile; fileRef = 703E5160158A8B610092B497 /* MainWindow.xib */; };
		703E5167158A8C000092B497 /* AccordionTableViewController.m in Sources */ = {isa = PBXBuildFile; fileRef = 703E5165158A8C000092B497 /* AccordionTableViewController.m */; };
		703E5168158A8C000092B497 /* AccordionTableViewController.m in Sources */ = {isa = PBXBuildFile; fileRef = 703E5165158A8C000092B497 /* AccordionTableViewController.m */; };
		703E5169158A8C000092B497 /* AccordionTableViewController.xib in Resources */ = {isa = PBXBuildFile; fileRef = 703E5166158A8C000092B497 /* AccordionTableViewController.xib */; };
		703E516A158A8C000092B497 /* AccordionTableViewController.xib in Resources */ = {isa = PBXBuildFile; fileRef = 703E5166158A8C000092B497 /* AccordionTableViewController.xib */; };
		703E516C158A8D150092B497 /* GLKit.framework in Frameworks */ = {isa = PBXBuildFile; fileRef = 703E516B158A8D150092B497 /* GLKit.framework */; };
		703E516D158A8D210092B497 /* GLKit.framework in Frameworks */ = {isa = PBXBuildFile; fileRef = 703E516B158A8D150092B497 /* GLKit.framework */; };
		703E5170158A8E770092B497 /* AccordionModel.m in Sources */ = {isa = PBXBuildFile; fileRef = 703E516F158A8E770092B497 /* AccordionModel.m */; };
		703E5171158A8E770092B497 /* AccordionModel.m in Sources */ = {isa = PBXBuildFile; fileRef = 703E516F158A8E770092B497 /* AccordionModel.m */; };
		703E5185158A9B8B0092B497 /* OpenGLES.framework in Frameworks */ = {isa = PBXBuildFile; fileRef = 703E5184158A9B8B0092B497 /* OpenGLES.framework */; };
		70E2E915158FA619004DE63C /* MainWindow-iPad.xib in Resources */ = {isa = PBXBuildFile; fileRef = 70E2E914158FA619004DE63C /* MainWindow-iPad.xib */; };
/* End PBXBuildFile section */

/* Begin PBXContainerItemProxy section */
		703E514D158A8AFA0092B497 /* PBXContainerItemProxy */ = {
			isa = PBXContainerItemProxy;
			containerPortal = 703E5124158A8AFA0092B497 /* Project object */;
			proxyType = 1;
			remoteGlobalIDString = 703E512C158A8AFA0092B497;
			remoteInfo = AccordionTableView2;
		};
/* End PBXContainerItemProxy section */

/* Begin PBXFileReference section */
		703E512D158A8AFA0092B497 /* AccordionTableView2.app */ = {isa = PBXFileReference; explicitFileType = wrapper.application; includeInIndex = 0; path = AccordionTableView2.app; sourceTree = BUILT_PRODUCTS_DIR; };
		703E5131158A8AFA0092B497 /* UIKit.framework */ = {isa = PBXFileReference; lastKnownFileType = wrapper.framework; name = UIKit.framework; path = System/Library/Frameworks/UIKit.framework; sourceTree = SDKROOT; };
		703E5133158A8AFA0092B497 /* Foundation.framework */ = {isa = PBXFileReference; lastKnownFileType = wrapper.framework; name = Foundation.framework; path = System/Library/Frameworks/Foundation.framework; sourceTree = SDKROOT; };
		703E5135158A8AFA0092B497 /* CoreGraphics.framework */ = {isa = PBXFileReference; lastKnownFileType = wrapper.framework; name = CoreGraphics.framework; path = System/Library/Frameworks/CoreGraphics.framework; sourceTree = SDKROOT; };
		703E5139158A8AFA0092B497 /* AccordionTableView2-Info.plist */ = {isa = PBXFileReference; lastKnownFileType = text.plist.xml; path = "AccordionTableView2-Info.plist"; sourceTree = "<group>"; };
		703E513B158A8AFA0092B497 /* en */ = {isa = PBXFileReference; lastKnownFileType = text.plist.strings; name = en; path = en.lproj/InfoPlist.strings; sourceTree = "<group>"; };
		703E513D158A8AFA0092B497 /* main.m */ = {isa = PBXFileReference; lastKnownFileType = sourcecode.c.objc; path = main.m; sourceTree = "<group>"; };
		703E513F158A8AFA0092B497 /* AccordionTableView2-Prefix.pch */ = {isa = PBXFileReference; lastKnownFileType = sourcecode.c.h; path = "AccordionTableView2-Prefix.pch"; sourceTree = "<group>"; };
		703E5140158A8AFA0092B497 /* AppDelegate.h */ = {isa = PBXFileReference; lastKnownFileType = sourcecode.c.h; path = AppDelegate.h; sourceTree = "<group>"; };
		703E5141158A8AFA0092B497 /* AppDelegate.m */ = {isa = PBXFileReference; lastKnownFileType = sourcecode.c.objc; path = AppDelegate.m; sourceTree = "<group>"; };
		703E5148158A8AFA0092B497 /* AccordionTableView2Tests.octest */ = {isa = PBXFileReference; explicitFileType = wrapper.cfbundle; includeInIndex = 0; path = AccordionTableView2Tests.octest; sourceTree = BUILT_PRODUCTS_DIR; };
		703E5149158A8AFA0092B497 /* SenTestingKit.framework */ = {isa = PBXFileReference; lastKnownFileType = wrapper.framework; name = SenTestingKit.framework; path = Library/Frameworks/SenTestingKit.framework; sourceTree = DEVELOPER_DIR; };
		703E5151158A8AFA0092B497 /* AccordionTableView2Tests-Info.plist */ = {isa = PBXFileReference; lastKnownFileType = text.plist.xml; path = "AccordionTableView2Tests-Info.plist"; sourceTree = "<group>"; };
		703E5153158A8AFA0092B497 /* en */ = {isa = PBXFileReference; lastKnownFileType = text.plist.strings; name = en; path = en.lproj/InfoPlist.strings; sourceTree = "<group>"; };
		703E5155158A8AFA0092B497 /* AccordionTableView2Tests.h */ = {isa = PBXFileReference; lastKnownFileType = sourcecode.c.h; path = AccordionTableView2Tests.h; sourceTree = "<group>"; };
		703E5156158A8AFA0092B497 /* AccordionTableView2Tests.m */ = {isa = PBXFileReference; lastKnownFileType = sourcecode.c.objc; path = AccordionTableView2Tests.m; sourceTree = "<group>"; };
		703E5160158A8B610092B497 /* MainWindow.xib */ = {isa = PBXFileReference; fileEncoding = 4; lastKnownFileType = file.xib; path = MainWindow.xib; sourceTree = "<group>"; };
		703E5164158A8C000092B497 /* AccordionTableViewController.h */ = {isa = PBXFileReference; fileEncoding = 4; lastKnownFileType = sourcecode.c.h; path = AccordionTableViewController.h; sourceTree = "<group>"; };
		703E5165158A8C000092B497 /* AccordionTableViewController.m */ = {isa = PBXFileReference; fileEncoding = 4; lastKnownFileType = sourcecode.c.objc; path = AccordionTableViewController.m; sourceTree = "<group>"; };
		703E5166158A8C000092B497 /* AccordionTableViewController.xib */ = {isa = PBXFileReference; fileEncoding = 4; lastKnownFileType = file.xib; path = AccordionTableViewController.xib; sourceTree = "<group>"; };
		703E516B158A8D150092B497 /* GLKit.framework */ = {isa = PBXFileReference; lastKnownFileType = wrapper.framework; name = GLKit.framework; path = System/Library/Frameworks/GLKit.framework; sourceTree = SDKROOT; };
		703E516E158A8E770092B497 /* AccordionModel.h */ = {isa = PBXFileReference; fileEncoding = 4; lastKnownFileType = sourcecode.c.h; path = AccordionModel.h; sourceTree = "<group>"; };
		703E516F158A8E770092B497 /* AccordionModel.m */ = {isa = PBXFileReference; fileEncoding = 4; lastKnownFileType = sourcecode.c.objc; path = AccordionModel.m; sourceTree = "<group>"; };
		703E5184158A9B8B0092B497 /* OpenGLES.framework */ = {isa = PBXFileReference; lastKnownFileType = wrapper.framework; name = OpenGLES.framework; path = System/Library/Frameworks/OpenGLES.framework; sourceTree = SDKROOT; };
		70E2E914158FA619004DE63C /* MainWindow-iPad.xib */ = {isa = PBXFileReference; lastKnownFileType = file.xib; name = "MainWindow-iPad.xib"; path = "iPad/MainWindow-iPad.xib"; sourceTree = "<group>"; };
/* End PBXFileReference section */

/* Begin PBXFrameworksBuildPhase section */
		703E512A158A8AFA0092B497 /* Frameworks */ = {
			isa = PBXFrameworksBuildPhase;
			buildActionMask = 2147483647;
			files = (
				703E5185158A9B8B0092B497 /* OpenGLES.framework in Frameworks */,
				703E516C158A8D150092B497 /* GLKit.framework in Frameworks */,
				703E5132158A8AFA0092B497 /* UIKit.framework in Frameworks */,
				703E5134158A8AFA0092B497 /* Foundation.framework in Frameworks */,
				703E5136158A8AFA0092B497 /* CoreGraphics.framework in Frameworks */,
			);
			runOnlyForDeploymentPostprocessing = 0;
		};
		703E5144158A8AFA0092B497 /* Frameworks */ = {
			isa = PBXFrameworksBuildPhase;
			buildActionMask = 2147483647;
			files = (
				703E514A158A8AFA0092B497 /* SenTestingKit.framework in Frameworks */,
				703E514B158A8AFA0092B497 /* UIKit.framework in Frameworks */,
				703E514C158A8AFA0092B497 /* Foundation.framework in Frameworks */,
				703E516D158A8D210092B497 /* GLKit.framework in Frameworks */,
			);
			runOnlyForDeploymentPostprocessing = 0;
		};
/* End PBXFrameworksBuildPhase section */

/* Begin PBXGroup section */
		703E5122158A8AFA0092B497 = {
			isa = PBXGroup;
			children = (
				703E5137158A8AFA0092B497 /* AccordionTableView2 */,
				703E514F158A8AFA0092B497 /* AccordionTableView2Tests */,
				703E5130158A8AFA0092B497 /* Frameworks */,
				703E512E158A8AFA0092B497 /* Products */,
			);
			sourceTree = "<group>";
		};
		703E512E158A8AFA0092B497 /* Products */ = {
			isa = PBXGroup;
			children = (
				703E512D158A8AFA0092B497 /* AccordionTableView2.app */,
				703E5148158A8AFA0092B497 /* AccordionTableView2Tests.octest */,
			);
			name = Products;
			sourceTree = "<group>";
		};
		703E5130158A8AFA0092B497 /* Frameworks */ = {
			isa = PBXGroup;
			children = (
				703E5184158A9B8B0092B497 /* OpenGLES.framework */,
				703E516B158A8D150092B497 /* GLKit.framework */,
				703E5131158A8AFA0092B497 /* UIKit.framework */,
				703E5133158A8AFA0092B497 /* Foundation.framework */,
				703E5135158A8AFA0092B497 /* CoreGraphics.framework */,
				703E5149158A8AFA0092B497 /* SenTestingKit.framework */,
			);
			name = Frameworks;
			sourceTree = "<group>";
		};
		703E5137158A8AFA0092B497 /* AccordionTableView2 */ = {
			isa = PBXGroup;
			children = (
				70E2E913158FA618004DE63C /* iPad */,
				703E5163158A8BD80092B497 /* AccordionTableView */,
				703E5140158A8AFA0092B497 /* AppDelegate.h */,
				703E5141158A8AFA0092B497 /* AppDelegate.m */,
				703E5138158A8AFA0092B497 /* Supporting Files */,
				703E5160158A8B610092B497 /* MainWindow.xib */,
			);
			path = AccordionTableView2;
			sourceTree = "<group>";
		};
		703E5138158A8AFA0092B497 /* Supporting Files */ = {
			isa = PBXGroup;
			children = (
				703E5139158A8AFA0092B497 /* AccordionTableView2-Info.plist */,
				703E513A158A8AFA0092B497 /* InfoPlist.strings */,
				703E513D158A8AFA0092B497 /* main.m */,
				703E513F158A8AFA0092B497 /* AccordionTableView2-Prefix.pch */,
			);
			name = "Supporting Files";
			sourceTree = "<group>";
		};
		703E514F158A8AFA0092B497 /* AccordionTableView2Tests */ = {
			isa = PBXGroup;
			children = (
				703E5155158A8AFA0092B497 /* AccordionTableView2Tests.h */,
				703E5156158A8AFA0092B497 /* AccordionTableView2Tests.m */,
				703E5150158A8AFA0092B497 /* Supporting Files */,
			);
			path = AccordionTableView2Tests;
			sourceTree = "<group>";
		};
		703E5150158A8AFA0092B497 /* Supporting Files */ = {
			isa = PBXGroup;
			children = (
				703E5151158A8AFA0092B497 /* AccordionTableView2Tests-Info.plist */,
				703E5152158A8AFA0092B497 /* InfoPlist.strings */,
			);
			name = "Supporting Files";
			sourceTree = "<group>";
		};
		703E5163158A8BD80092B497 /* AccordionTableView */ = {
			isa = PBXGroup;
			children = (
				703E5164158A8C000092B497 /* AccordionTableViewController.h */,
				703E5165158A8C000092B497 /* AccordionTableViewController.m */,
				703E5166158A8C000092B497 /* AccordionTableViewController.xib */,
				703E516E158A8E770092B497 /* AccordionModel.h */,
				703E516F158A8E770092B497 /* AccordionModel.m */,
			);
			name = AccordionTableView;
			sourceTree = "<group>";
		};
		70E2E913158FA618004DE63C /* iPad */ = {
			isa = PBXGroup;
			children = (
				70E2E914158FA619004DE63C /* MainWindow-iPad.xib */,
			);
			name = iPad;
			sourceTree = "<group>";
		};
/* End PBXGroup section */

/* Begin PBXNativeTarget section */
		703E512C158A8AFA0092B497 /* AccordionTableView2 */ = {
			isa = PBXNativeTarget;
			buildConfigurationList = 703E515A158A8AFA0092B497 /* Build configuration list for PBXNativeTarget "AccordionTableView2" */;
			buildPhases = (
				703E5129158A8AFA0092B497 /* Sources */,
				703E512A158A8AFA0092B497 /* Frameworks */,
				703E512B158A8AFA0092B497 /* Resources */,
			);
			buildRules = (
			);
			dependencies = (
			);
			name = AccordionTableView2;
			productName = AccordionTableView2;
			productReference = 703E512D158A8AFA0092B497 /* AccordionTableView2.app */;
			productType = "com.apple.product-type.application";
		};
		703E5147158A8AFA0092B497 /* AccordionTableView2Tests */ = {
			isa = PBXNativeTarget;
			buildConfigurationList = 703E515D158A8AFA0092B497 /* Build configuration list for PBXNativeTarget "AccordionTableView2Tests" */;
			buildPhases = (
				703E5143158A8AFA0092B497 /* Sources */,
				703E5144158A8AFA0092B497 /* Frameworks */,
				703E5145158A8AFA0092B497 /* Resources */,
				703E5146158A8AFA0092B497 /* ShellScript */,
			);
			buildRules = (
			);
			dependencies = (
				703E514E158A8AFA0092B497 /* PBXTargetDependency */,
			);
			name = AccordionTableView2Tests;
			productName = AccordionTableView2Tests;
			productReference = 703E5148158A8AFA0092B497 /* AccordionTableView2Tests.octest */;
			productType = "com.apple.product-type.bundle";
		};
/* End PBXNativeTarget section */

/* Begin PBXProject section */
		703E5124158A8AFA0092B497 /* Project object */ = {
			isa = PBXProject;
			attributes = {
				LastUpgradeCheck = 0430;
			};
			buildConfigurationList = 703E5127158A8AFA0092B497 /* Build configuration list for PBXProject "AccordionTableView2" */;
			compatibilityVersion = "Xcode 3.2";
			developmentRegion = English;
			hasScannedForEncodings = 0;
			knownRegions = (
				en,
			);
			mainGroup = 703E5122158A8AFA0092B497;
			productRefGroup = 703E512E158A8AFA0092B497 /* Products */;
			projectDirPath = "";
			projectRoot = "";
			targets = (
				703E512C158A8AFA0092B497 /* AccordionTableView2 */,
				703E5147158A8AFA0092B497 /* AccordionTableView2Tests */,
			);
		};
/* End PBXProject section */

/* Begin PBXResourcesBuildPhase section */
		703E512B158A8AFA0092B497 /* Resources */ = {
			isa = PBXResourcesBuildPhase;
			buildActionMask = 2147483647;
			files = (
				703E513C158A8AFA0092B497 /* InfoPlist.strings in Resources */,
				703E5161158A8B610092B497 /* MainWindow.xib in Resources */,
				703E5169158A8C000092B497 /* AccordionTableViewController.xib in Resources */,
				70E2E915158FA619004DE63C /* MainWindow-iPad.xib in Resources */,
			);
			runOnlyForDeploymentPostprocessing = 0;
		};
		703E5145158A8AFA0092B497 /* Resources */ = {
			isa = PBXResourcesBuildPhase;
			buildActionMask = 2147483647;
			files = (
				703E5154158A8AFA0092B497 /* InfoPlist.strings in Resources */,
				703E5162158A8B610092B497 /* MainWindow.xib in Resources */,
				703E516A158A8C000092B497 /* AccordionTableViewController.xib in Resources */,
			);
			runOnlyForDeploymentPostprocessing = 0;
		};
/* End PBXResourcesBuildPhase section */

/* Begin PBXShellScriptBuildPhase section */
		703E5146158A8AFA0092B497 /* ShellScript */ = {
			isa = PBXShellScriptBuildPhase;
			buildActionMask = 2147483647;
			files = (
			);
			inputPaths = (
			);
			outputPaths = (
			);
			runOnlyForDeploymentPostprocessing = 0;
			shellPath = /bin/sh;
			shellScript = "# Run the unit tests in this test bundle.\n\"${SYSTEM_DEVELOPER_DIR}/Tools/RunUnitTests\"\n";
		};
/* End PBXShellScriptBuildPhase section */

/* Begin PBXSourcesBuildPhase section */
		703E5129158A8AFA0092B497 /* Sources */ = {
			isa = PBXSourcesBuildPhase;
			buildActionMask = 2147483647;
			files = (
				703E513E158A8AFA0092B497 /* main.m in Sources */,
				703E5142158A8AFA0092B497 /* AppDelegate.m in Sources */,
				703E5167158A8C000092B497 /* AccordionTableViewController.m in Sources */,
				703E5170158A8E770092B497 /* AccordionModel.m in Sources */,
			);
			runOnlyForDeploymentPostprocessing = 0;
		};
		703E5143158A8AFA0092B497 /* Sources */ = {
			isa = PBXSourcesBuildPhase;
			buildActionMask = 2147483647;
			files = (
				703E5157158A8AFA0092B497 /* AccordionTableView2Tests.m in Sources */,
				703E5168158A8C000092B497 /* AccordionTableViewController.m in Sources */,
				703E5171158A8E770092B497 /* AccordionModel.m in Sources */,
			);
			runOnlyForDeploymentPostprocessing = 0;
		};
/* End PBXSourcesBuildPhase section */

/* Begin PBXTargetDependency section */
		703E514E158A8AFA0092B497 /* PBXTargetDependency */ = {
			isa = PBXTargetDependency;
			target = 703E512C158A8AFA0092B497 /* AccordionTableView2 */;
			targetProxy = 703E514D158A8AFA0092B497 /* PBXContainerItemProxy */;
		};
/* End PBXTargetDependency section */

/* Begin PBXVariantGroup section */
		703E513A158A8AFA0092B497 /* InfoPlist.strings */ = {
			isa = PBXVariantGroup;
			children = (
				703E513B158A8AFA0092B497 /* en */,
			);
			name = InfoPlist.strings;
			sourceTree = "<group>";
		};
		703E5152158A8AFA0092B497 /* InfoPlist.strings */ = {
			isa = PBXVariantGroup;
			children = (
				703E5153158A8AFA0092B497 /* en */,
			);
			name = InfoPlist.strings;
			sourceTree = "<group>";
		};
/* End PBXVariantGroup section */

/* Begin XCBuildConfiguration section */
		703E5158158A8AFA0092B497 /* Debug */ = {
			isa = XCBuildConfiguration;
			buildSettings = {
				ALWAYS_SEARCH_USER_PATHS = NO;
				ARCHS = "$(ARCHS_STANDARD_32_BIT)";
				CLANG_ENABLE_OBJC_ARC = YES;
				"CODE_SIGN_IDENTITY[sdk=iphoneos*]" = "iPhone Developer";
				COPY_PHASE_STRIP = NO;
				GCC_C_LANGUAGE_STANDARD = gnu99;
				GCC_DYNAMIC_NO_PIC = NO;
				GCC_OPTIMIZATION_LEVEL = 0;
				GCC_PREPROCESSOR_DEFINITIONS = (
					"DEBUG=1",
					"$(inherited)",
				);
				GCC_SYMBOLS_PRIVATE_EXTERN = NO;
				GCC_VERSION = com.apple.compilers.llvm.clang.1_0;
				GCC_WARN_ABOUT_RETURN_TYPE = YES;
				GCC_WARN_UNINITIALIZED_AUTOS = YES;
				GCC_WARN_UNUSED_VARIABLE = YES;
				IPHONEOS_DEPLOYMENT_TARGET = 5.1;
				SDKROOT = iphoneos;
				TARGETED_DEVICE_FAMILY = 2;
			};
			name = Debug;
		};
		703E5159158A8AFA0092B497 /* Release */ = {
			isa = XCBuildConfiguration;
			buildSettings = {
				ALWAYS_SEARCH_USER_PATHS = NO;
				ARCHS = "$(ARCHS_STANDARD_32_BIT)";
				CLANG_ENABLE_OBJC_ARC = YES;
				"CODE_SIGN_IDENTITY[sdk=iphoneos*]" = "iPhone Developer";
				COPY_PHASE_STRIP = YES;
				GCC_C_LANGUAGE_STANDARD = gnu99;
				GCC_VERSION = com.apple.compilers.llvm.clang.1_0;
				GCC_WARN_ABOUT_RETURN_TYPE = YES;
				GCC_WARN_UNINITIALIZED_AUTOS = YES;
				GCC_WARN_UNUSED_VARIABLE = YES;
				IPHONEOS_DEPLOYMENT_TARGET = 5.1;
				OTHER_CFLAGS = "-DNS_BLOCK_ASSERTIONS=1";
				SDKROOT = iphoneos;
				TARGETED_DEVICE_FAMILY = 2;
				VALIDATE_PRODUCT = YES;
			};
			name = Release;
		};
		703E515B158A8AFA0092B497 /* Debug */ = {
			isa = XCBuildConfiguration;
			buildSettings = {
				GCC_PRECOMPILE_PREFIX_HEADER = YES;
				GCC_PREFIX_HEADER = "AccordionTableView2/AccordionTableView2-Prefix.pch";
				INFOPLIST_FILE = "AccordionTableView2/AccordionTableView2-Info.plist";
				IPHONEOS_DEPLOYMENT_TARGET = 5.1;
				PRODUCT_NAME = "$(TARGET_NAME)";
				TARGETED_DEVICE_FAMILY = 2;
				WRAPPER_EXTENSION = app;
			};
			name = Debug;
		};
		703E515C158A8AFA0092B497 /* Release */ = {
			isa = XCBuildConfiguration;
			buildSettings = {
				GCC_PRECOMPILE_PREFIX_HEADER = YES;
				GCC_PREFIX_HEADER = "AccordionTableView2/AccordionTableView2-Prefix.pch";
				INFOPLIST_FILE = "AccordionTableView2/AccordionTableView2-Info.plist";
				IPHONEOS_DEPLOYMENT_TARGET = 5.1;
				PRODUCT_NAME = "$(TARGET_NAME)";
				TARGETED_DEVICE_FAMILY = 2;
				WRAPPER_EXTENSION = app;
			};
			name = Release;
		};
		703E515E158A8AFA0092B497 /* Debug */ = {
			isa = XCBuildConfiguration;
			buildSettings = {
				BUNDLE_LOADER = "$(BUILT_PRODUCTS_DIR)/AccordionTableView2.app/AccordionTableView2";
				FRAMEWORK_SEARCH_PATHS = (
					"$(SDKROOT)/Developer/Library/Frameworks",
					"$(DEVELOPER_LIBRARY_DIR)/Frameworks",
				);
				GCC_PRECOMPILE_PREFIX_HEADER = YES;
				GCC_PREFIX_HEADER = "AccordionTableView2/AccordionTableView2-Prefix.pch";
				INFOPLIST_FILE = "AccordionTableView2Tests/AccordionTableView2Tests-Info.plist";
				PRODUCT_NAME = "$(TARGET_NAME)";
				TEST_HOST = "$(BUNDLE_LOADER)";
				WRAPPER_EXTENSION = octest;
			};
			name = Debug;
		};
		703E515F158A8AFA0092B497 /* Release */ = {
			isa = XCBuildConfiguration;
			buildSettings = {
				BUNDLE_LOADER = "$(BUILT_PRODUCTS_DIR)/AccordionTableView2.app/AccordionTableView2";
				FRAMEWORK_SEARCH_PATHS = (
					"$(SDKROOT)/Developer/Library/Frameworks",
					"$(DEVELOPER_LIBRARY_DIR)/Frameworks",
				);
				GCC_PRECOMPILE_PREFIX_HEADER = YES;
				GCC_PREFIX_HEADER = "AccordionTableView2/AccordionTableView2-Prefix.pch";
				INFOPLIST_FILE = "AccordionTableView2Tests/AccordionTableView2Tests-Info.plist";
				PRODUCT_NAME = "$(TARGET_NAME)";
				TEST_HOST = "$(BUNDLE_LOADER)";
				WRAPPER_EXTENSION = octest;
			};
			name = Release;
		};
/* End XCBuildConfiguration section */

/* Begin XCConfigurationList section */
		703E5127158A8AFA0092B497 /* Build configuration list for PBXProject "AccordionTableView2" */ = {
			isa = XCConfigurationList;
			buildConfigurations = (
				703E5158158A8AFA0092B497 /* Debug */,
				703E5159158A8AFA0092B497 /* Release */,
			);
			defaultConfigurationIsVisible = 0;
			defaultConfigurationName = Release;
		};
		703E515A158A8AFA0092B497 /* Build configuration list for PBXNativeTarget "AccordionTableView2" */ = {
			isa = XCConfigurationList;
			buildConfigurations = (
				703E515B158A8AFA0092B497 /* Debug */,
				703E515C158A8AFA0092B497 /* Release */,
			);
			defaultConfigurationIsVisible = 0;
			defaultConfigurationName = Release;
		};
		703E515D158A8AFA0092B497 /* Build configuration list for PBXNativeTarget "AccordionTableView2Tests" */ = {
			isa = XCConfigurationList;
			buildConfigurations = (
				703E515E158A8AFA0092B497 /* Debug */,
				703E515F158A8AFA0092B497 /* Release */,
			);
			defaultConfigurationIsVisible = 0;
			defaultConfigurationName = Release;
		};
/* End XCConfigurationList section */
	};
	rootObject = 703E5124158A8AFA0092B497 /* Project object */;
}
